// !$*UTF8*$!
{
	archiveVersion = 1;
	classes = {
	};
	objectVersion = 77;
	objects = {

/* Begin PBXContainerItemProxy section */
		99ADF4432DF9C97A00255D9B /* PBXContainerItemProxy */ = {
			isa = PBXContainerItemProxy;
			containerPortal = 99ADF42B2DF9C97900255D9B /* Project object */;
			proxyType = 1;
			remoteGlobalIDString = 99ADF4322DF9C97900255D9B;
			remoteInfo = InstaList;
		};
		99ADF44D2DF9C97A00255D9B /* PBXContainerItemProxy */ = {
			isa = PBXContainerItemProxy;
			containerPortal = 99ADF42B2DF9C97900255D9B /* Project object */;
			proxyType = 1;
			remoteGlobalIDString = 99ADF4322DF9C97900255D9B;
			remoteInfo = InstaList;
		};
/* End PBXContainerItemProxy section */

/* Begin PBXFileReference section */
		99ADF4332DF9C97900255D9B /* InstaList.app */ = {isa = PBXFileReference; explicitFileType = wrapper.application; includeInIndex = 0; path = InstaList.app; sourceTree = BUILT_PRODUCTS_DIR; };
		99ADF4422DF9C97A00255D9B /* InstaListTests.xctest */ = {isa = PBXFileReference; explicitFileType = wrapper.cfbundle; includeInIndex = 0; path = InstaListTests.xctest; sourceTree = BUILT_PRODUCTS_DIR; };
		99ADF44C2DF9C97A00255D9B /* InstaListUITests.xctest */ = {isa = PBXFileReference; explicitFileType = wrapper.cfbundle; includeInIndex = 0; path = InstaListUITests.xctest; sourceTree = BUILT_PRODUCTS_DIR; };
/* End PBXFileReference section */

/* Begin PBXFileSystemSynchronizedBuildFileExceptionSet section */
		998BCB452E00C0210083C7BB /* Exceptions for "InstaList" folder in "InstaListUITests" target */ = {
			isa = PBXFileSystemSynchronizedBuildFileExceptionSet;
			membershipExceptions = (
				AppState.swift,
				AuthenticationView.swift,
				LoggedInView.swift,
				Logger.swift,
				RootView.swift,
				SpotifyTokenResponse.swift,
			);
			target = 99ADF44B2DF9C97A00255D9B /* InstaListUITests */;
		};
		999ED8EB2E142CC600739F7E /* Exceptions for "InstaList" folder in "InstaListTests" target */ = {
			isa = PBXFileSystemSynchronizedBuildFileExceptionSet;
			membershipExceptions = (
				AppState.swift,
				LoggedInView.swift,
				Logger.swift,
			);
			target = 99ADF4412DF9C97A00255D9B /* InstaListTests */;
		};
		99ADF4602DF9E35300255D9B /* Exceptions for "InstaList" folder in "InstaList" target */ = {
			isa = PBXFileSystemSynchronizedBuildFileExceptionSet;
			membershipExceptions = (
				Info.plist,
			);
			target = 99ADF4322DF9C97900255D9B /* InstaList */;
		};
/* End PBXFileSystemSynchronizedBuildFileExceptionSet section */

/* Begin PBXFileSystemSynchronizedRootGroup section */
		99ADF4352DF9C97900255D9B /* InstaList */ = {
			isa = PBXFileSystemSynchronizedRootGroup;
			exceptions = (
				99ADF4602DF9E35300255D9B /* Exceptions for "InstaList" folder in "InstaList" target */,
				999ED8EB2E142CC600739F7E /* Exceptions for "InstaList" folder in "InstaListTests" target */,
				998BCB452E00C0210083C7BB /* Exceptions for "InstaList" folder in "InstaListUITests" target */,
			);
			path = InstaList;
			sourceTree = "<group>";
		};
		99ADF4452DF9C97A00255D9B /* InstaListTests */ = {
			isa = PBXFileSystemSynchronizedRootGroup;
			path = InstaListTests;
			sourceTree = "<group>";
		};
		99ADF44F2DF9C97A00255D9B /* InstaListUITests */ = {
			isa = PBXFileSystemSynchronizedRootGroup;
			path = InstaListUITests;
			sourceTree = "<group>";
		};
/* End PBXFileSystemSynchronizedRootGroup section */

/* Begin PBXFrameworksBuildPhase section */
		99ADF4302DF9C97900255D9B /* Frameworks */ = {
			isa = PBXFrameworksBuildPhase;
			buildActionMask = 2147483647;
			files = (
			);
			runOnlyForDeploymentPostprocessing = 0;
		};
		99ADF43F2DF9C97A00255D9B /* Frameworks */ = {
			isa = PBXFrameworksBuildPhase;
			buildActionMask = 2147483647;
			files = (
			);
			runOnlyForDeploymentPostprocessing = 0;
		};
		99ADF4492DF9C97A00255D9B /* Frameworks */ = {
			isa = PBXFrameworksBuildPhase;
			buildActionMask = 2147483647;
			files = (
			);
			runOnlyForDeploymentPostprocessing = 0;
		};
/* End PBXFrameworksBuildPhase section */

/* Begin PBXGroup section */
		99ADF42A2DF9C97900255D9B = {
			isa = PBXGroup;
			children = (
				99ADF4352DF9C97900255D9B /* InstaList */,
				99ADF4452DF9C97A00255D9B /* InstaListTests */,
				99ADF44F2DF9C97A00255D9B /* InstaListUITests */,
				99ADF4342DF9C97900255D9B /* Products */,
			);
			sourceTree = "<group>";
		};
		99ADF4342DF9C97900255D9B /* Products */ = {
			isa = PBXGroup;
			children = (
				99ADF4332DF9C97900255D9B /* InstaList.app */,
				99ADF4422DF9C97A00255D9B /* InstaListTests.xctest */,
				99ADF44C2DF9C97A00255D9B /* InstaListUITests.xctest */,
			);
			name = Products;
			sourceTree = "<group>";
		};
/* End PBXGroup section */

/* Begin PBXNativeTarget section */
		99ADF4322DF9C97900255D9B /* InstaList */ = {
			isa = PBXNativeTarget;
			buildConfigurationList = 99ADF4562DF9C97A00255D9B /* Build configuration list for PBXNativeTarget "InstaList" */;
			buildPhases = (
				99ADF42F2DF9C97900255D9B /* Sources */,
				99ADF4302DF9C97900255D9B /* Frameworks */,
				99ADF4312DF9C97900255D9B /* Resources */,
			);
			buildRules = (
			);
			dependencies = (
			);
			fileSystemSynchronizedGroups = (
				99ADF4352DF9C97900255D9B /* InstaList */,
			);
			name = InstaList;
			packageProductDependencies = (
			);
			productName = InstaList;
			productReference = 99ADF4332DF9C97900255D9B /* InstaList.app */;
			productType = "com.apple.product-type.application";
		};
		99ADF4412DF9C97A00255D9B /* InstaListTests */ = {
			isa = PBXNativeTarget;
			buildConfigurationList = 99ADF4592DF9C97A00255D9B /* Build configuration list for PBXNativeTarget "InstaListTests" */;
			buildPhases = (
				99ADF43E2DF9C97A00255D9B /* Sources */,
				99ADF43F2DF9C97A00255D9B /* Frameworks */,
				99ADF4402DF9C97A00255D9B /* Resources */,
			);
			buildRules = (
			);
			dependencies = (
				99ADF4442DF9C97A00255D9B /* PBXTargetDependency */,
			);
			fileSystemSynchronizedGroups = (
				99ADF4452DF9C97A00255D9B /* InstaListTests */,
			);
			name = InstaListTests;
			packageProductDependencies = (
			);
			productName = InstaListTests;
			productReference = 99ADF4422DF9C97A00255D9B /* InstaListTests.xctest */;
			productType = "com.apple.product-type.bundle.unit-test";
		};
		99ADF44B2DF9C97A00255D9B /* InstaListUITests */ = {
			isa = PBXNativeTarget;
			buildConfigurationList = 99ADF45C2DF9C97A00255D9B /* Build configuration list for PBXNativeTarget "InstaListUITests" */;
			buildPhases = (
				99ADF4482DF9C97A00255D9B /* Sources */,
				99ADF4492DF9C97A00255D9B /* Frameworks */,
				99ADF44A2DF9C97A00255D9B /* Resources */,
			);
			buildRules = (
			);
			dependencies = (
				99ADF44E2DF9C97A00255D9B /* PBXTargetDependency */,
			);
			fileSystemSynchronizedGroups = (
				99ADF44F2DF9C97A00255D9B /* InstaListUITests */,
			);
			name = InstaListUITests;
			packageProductDependencies = (
			);
			productName = InstaListUITests;
			productReference = 99ADF44C2DF9C97A00255D9B /* InstaListUITests.xctest */;
			productType = "com.apple.product-type.bundle.ui-testing";
		};
/* End PBXNativeTarget section */

/* Begin PBXProject section */
		99ADF42B2DF9C97900255D9B /* Project object */ = {
			isa = PBXProject;
			attributes = {
				BuildIndependentTargetsInParallel = 1;
				LastSwiftUpdateCheck = 1640;
				LastUpgradeCheck = 1640;
				TargetAttributes = {
					99ADF4322DF9C97900255D9B = {
						CreatedOnToolsVersion = 16.4;
					};
					99ADF4412DF9C97A00255D9B = {
						CreatedOnToolsVersion = 16.4;
						TestTargetID = 99ADF4322DF9C97900255D9B;
					};
					99ADF44B2DF9C97A00255D9B = {
						CreatedOnToolsVersion = 16.4;
						TestTargetID = 99ADF4322DF9C97900255D9B;
					};
				};
			};
			buildConfigurationList = 99ADF42E2DF9C97900255D9B /* Build configuration list for PBXProject "InstaList" */;
			developmentRegion = en;
			hasScannedForEncodings = 0;
			knownRegions = (
				en,
				Base,
			);
			mainGroup = 99ADF42A2DF9C97900255D9B;
			minimizedProjectReferenceProxies = 1;
			preferredProjectObjectVersion = 77;
			productRefGroup = 99ADF4342DF9C97900255D9B /* Products */;
			projectDirPath = "";
			projectRoot = "";
			targets = (
				99ADF4322DF9C97900255D9B /* InstaList */,
				99ADF4412DF9C97A00255D9B /* InstaListTests */,
				99ADF44B2DF9C97A00255D9B /* InstaListUITests */,
			);
		};
/* End PBXProject section */

/* Begin PBXResourcesBuildPhase section */
		99ADF4312DF9C97900255D9B /* Resources */ = {
			isa = PBXResourcesBuildPhase;
			buildActionMask = 2147483647;
			files = (
			);
			runOnlyForDeploymentPostprocessing = 0;
		};
		99ADF4402DF9C97A00255D9B /* Resources */ = {
			isa = PBXResourcesBuildPhase;
			buildActionMask = 2147483647;
			files = (
			);
			runOnlyForDeploymentPostprocessing = 0;
		};
		99ADF44A2DF9C97A00255D9B /* Resources */ = {
			isa = PBXResourcesBuildPhase;
			buildActionMask = 2147483647;
			files = (
			);
			runOnlyForDeploymentPostprocessing = 0;
		};
/* End PBXResourcesBuildPhase section */

/* Begin PBXSourcesBuildPhase section */
		99ADF42F2DF9C97900255D9B /* Sources */ = {
			isa = PBXSourcesBuildPhase;
			buildActionMask = 2147483647;
			files = (
			);
			runOnlyForDeploymentPostprocessing = 0;
		};
		99ADF43E2DF9C97A00255D9B /* Sources */ = {
			isa = PBXSourcesBuildPhase;
			buildActionMask = 2147483647;
			files = (
			);
			runOnlyForDeploymentPostprocessing = 0;
		};
		99ADF4482DF9C97A00255D9B /* Sources */ = {
			isa = PBXSourcesBuildPhase;
			buildActionMask = 2147483647;
			files = (
			);
			runOnlyForDeploymentPostprocessing = 0;
		};
/* End PBXSourcesBuildPhase section */

/* Begin PBXTargetDependency section */
		99ADF4442DF9C97A00255D9B /* PBXTargetDependency */ = {
			isa = PBXTargetDependency;
			target = 99ADF4322DF9C97900255D9B /* InstaList */;
			targetProxy = 99ADF4432DF9C97A00255D9B /* PBXContainerItemProxy */;
		};
		99ADF44E2DF9C97A00255D9B /* PBXTargetDependency */ = {
			isa = PBXTargetDependency;
			target = 99ADF4322DF9C97900255D9B /* InstaList */;
			targetProxy = 99ADF44D2DF9C97A00255D9B /* PBXContainerItemProxy */;
		};
/* End PBXTargetDependency section */

/* Begin XCBuildConfiguration section */
		99ADF4542DF9C97A00255D9B /* Debug */ = {
			isa = XCBuildConfiguration;
			buildSettings = {
				ALWAYS_SEARCH_USER_PATHS = NO;
				ASSETCATALOG_COMPILER_GENERATE_SWIFT_ASSET_SYMBOL_EXTENSIONS = YES;
				CLANG_ANALYZER_NONNULL = YES;
				CLANG_ANALYZER_NUMBER_OBJECT_CONVERSION = YES_AGGRESSIVE;
				CLANG_CXX_LANGUAGE_STANDARD = "gnu++20";
				CLANG_ENABLE_MODULES = YES;
				CLANG_ENABLE_OBJC_ARC = YES;
				CLANG_ENABLE_OBJC_WEAK = YES;
				CLANG_WARN_BLOCK_CAPTURE_AUTORELEASING = YES;
				CLANG_WARN_BOOL_CONVERSION = YES;
				CLANG_WARN_COMMA = YES;
				CLANG_WARN_CONSTANT_CONVERSION = YES;
				CLANG_WARN_DEPRECATED_OBJC_IMPLEMENTATIONS = YES;
				CLANG_WARN_DIRECT_OBJC_ISA_USAGE = YES_ERROR;
				CLANG_WARN_DOCUMENTATION_COMMENTS = YES;
				CLANG_WARN_EMPTY_BODY = YES;
				CLANG_WARN_ENUM_CONVERSION = YES;
				CLANG_WARN_INFINITE_RECURSION = YES;
				CLANG_WARN_INT_CONVERSION = YES;
				CLANG_WARN_NON_LITERAL_NULL_CONVERSION = YES;
				CLANG_WARN_OBJC_IMPLICIT_RETAIN_SELF = YES;
				CLANG_WARN_OBJC_LITERAL_CONVERSION = YES;
				CLANG_WARN_OBJC_ROOT_CLASS = YES_ERROR;
				CLANG_WARN_QUOTED_INCLUDE_IN_FRAMEWORK_HEADER = YES;
				CLANG_WARN_RANGE_LOOP_ANALYSIS = YES;
				CLANG_WARN_STRICT_PROTOTYPES = YES;
				CLANG_WARN_SUSPICIOUS_MOVE = YES;
				CLANG_WARN_UNGUARDED_AVAILABILITY = YES_AGGRESSIVE;
				CLANG_WARN_UNREACHABLE_CODE = YES;
				CLANG_WARN__DUPLICATE_METHOD_MATCH = YES;
				COPY_PHASE_STRIP = NO;
				DEBUG_INFORMATION_FORMAT = dwarf;
				ENABLE_STRICT_OBJC_MSGSEND = YES;
				ENABLE_TESTABILITY = YES;
				ENABLE_USER_SCRIPT_SANDBOXING = YES;
				GCC_C_LANGUAGE_STANDARD = gnu17;
				GCC_DYNAMIC_NO_PIC = NO;
				GCC_NO_COMMON_BLOCKS = YES;
				GCC_OPTIMIZATION_LEVEL = 0;
				GCC_PREPROCESSOR_DEFINITIONS = (
					"DEBUG=1",
					"$(inherited)",
				);
				GCC_WARN_64_TO_32_BIT_CONVERSION = YES;
				GCC_WARN_ABOUT_RETURN_TYPE = YES_ERROR;
				GCC_WARN_UNDECLARED_SELECTOR = YES;
				GCC_WARN_UNINITIALIZED_AUTOS = YES_AGGRESSIVE;
				GCC_WARN_UNUSED_FUNCTION = YES;
				GCC_WARN_UNUSED_VARIABLE = YES;
				IPHONEOS_DEPLOYMENT_TARGET = 18.5;
				LOCALIZATION_PREFERS_STRING_CATALOGS = YES;
				MTL_ENABLE_DEBUG_INFO = INCLUDE_SOURCE;
				MTL_FAST_MATH = YES;
				ONLY_ACTIVE_ARCH = YES;
				SDKROOT = iphoneos;
				SWIFT_ACTIVE_COMPILATION_CONDITIONS = "DEBUG $(inherited)";
				SWIFT_OPTIMIZATION_LEVEL = "-Onone";
			};
			name = Debug;
		};
		99ADF4552DF9C97A00255D9B /* Release */ = {
			isa = XCBuildConfiguration;
			buildSettings = {
				ALWAYS_SEARCH_USER_PATHS = NO;
				ASSETCATALOG_COMPILER_GENERATE_SWIFT_ASSET_SYMBOL_EXTENSIONS = YES;
				CLANG_ANALYZER_NONNULL = YES;
				CLANG_ANALYZER_NUMBER_OBJECT_CONVERSION = YES_AGGRESSIVE;
				CLANG_CXX_LANGUAGE_STANDARD = "gnu++20";
				CLANG_ENABLE_MODULES = YES;
				CLANG_ENABLE_OBJC_ARC = YES;
				CLANG_ENABLE_OBJC_WEAK = YES;
				CLANG_WARN_BLOCK_CAPTURE_AUTORELEASING = YES;
				CLANG_WARN_BOOL_CONVERSION = YES;
				CLANG_WARN_COMMA = YES;
				CLANG_WARN_CONSTANT_CONVERSION = YES;
				CLANG_WARN_DEPRECATED_OBJC_IMPLEMENTATIONS = YES;
				CLANG_WARN_DIRECT_OBJC_ISA_USAGE = YES_ERROR;
				CLANG_WARN_DOCUMENTATION_COMMENTS = YES;
				CLANG_WARN_EMPTY_BODY = YES;
				CLANG_WARN_ENUM_CONVERSION = YES;
				CLANG_WARN_INFINITE_RECURSION = YES;
				CLANG_WARN_INT_CONVERSION = YES;
				CLANG_WARN_NON_LITERAL_NULL_CONVERSION = YES;
				CLANG_WARN_OBJC_IMPLICIT_RETAIN_SELF = YES;
				CLANG_WARN_OBJC_LITERAL_CONVERSION = YES;
				CLANG_WARN_OBJC_ROOT_CLASS = YES_ERROR;
				CLANG_WARN_QUOTED_INCLUDE_IN_FRAMEWORK_HEADER = YES;
				CLANG_WARN_RANGE_LOOP_ANALYSIS = YES;
				CLANG_WARN_STRICT_PROTOTYPES = YES;
				CLANG_WARN_SUSPICIOUS_MOVE = YES;
				CLANG_WARN_UNGUARDED_AVAILABILITY = YES_AGGRESSIVE;
				CLANG_WARN_UNREACHABLE_CODE = YES;
				CLANG_WARN__DUPLICATE_METHOD_MATCH = YES;
				COPY_PHASE_STRIP = NO;
				DEBUG_INFORMATION_FORMAT = "dwarf-with-dsym";
				ENABLE_NS_ASSERTIONS = NO;
				ENABLE_STRICT_OBJC_MSGSEND = YES;
				ENABLE_USER_SCRIPT_SANDBOXING = YES;
				GCC_C_LANGUAGE_STANDARD = gnu17;
				GCC_NO_COMMON_BLOCKS = YES;
				GCC_WARN_64_TO_32_BIT_CONVERSION = YES;
				GCC_WARN_ABOUT_RETURN_TYPE = YES_ERROR;
				GCC_WARN_UNDECLARED_SELECTOR = YES;
				GCC_WARN_UNINITIALIZED_AUTOS = YES_AGGRESSIVE;
				GCC_WARN_UNUSED_FUNCTION = YES;
				GCC_WARN_UNUSED_VARIABLE = YES;
				IPHONEOS_DEPLOYMENT_TARGET = 18.5;
				LOCALIZATION_PREFERS_STRING_CATALOGS = YES;
				MTL_ENABLE_DEBUG_INFO = NO;
				MTL_FAST_MATH = YES;
				SDKROOT = iphoneos;
				SWIFT_COMPILATION_MODE = wholemodule;
				VALIDATE_PRODUCT = YES;
			};
			name = Release;
		};
		99ADF4572DF9C97A00255D9B /* Debug */ = {
			isa = XCBuildConfiguration;
			buildSettings = {
				ASSETCATALOG_COMPILER_APPICON_NAME = AppIcon;
				ASSETCATALOG_COMPILER_GLOBAL_ACCENT_COLOR_NAME = AccentColor;
				CODE_SIGN_STYLE = Automatic;
				CURRENT_PROJECT_VERSION = 1;
				DEVELOPMENT_TEAM = Y59G2R3XG9;
				ENABLE_PREVIEWS = YES;
				GENERATE_INFOPLIST_FILE = YES;
				INFOPLIST_FILE = InstaList/Info.plist;
				INFOPLIST_KEY_UIApplicationSceneManifest_Generation = YES;
				INFOPLIST_KEY_UIApplicationSupportsIndirectInputEvents = YES;
				INFOPLIST_KEY_UILaunchScreen_Generation = YES;
				INFOPLIST_KEY_UISupportedInterfaceOrientations_iPad = "UIInterfaceOrientationPortrait UIInterfaceOrientationPortraitUpsideDown UIInterfaceOrientationLandscapeLeft UIInterfaceOrientationLandscapeRight";
				INFOPLIST_KEY_UISupportedInterfaceOrientations_iPhone = "UIInterfaceOrientationPortrait UIInterfaceOrientationLandscapeLeft UIInterfaceOrientationLandscapeRight";
				LD_RUNPATH_SEARCH_PATHS = (
					"$(inherited)",
					"@executable_path/Frameworks",
				);
				MARKETING_VERSION = 1.0;
				PRODUCT_BUNDLE_IDENTIFIER = com.graves.jon.InstaList;
				PRODUCT_NAME = "$(TARGET_NAME)";
				SUPPORTED_PLATFORMS = "iphoneos iphonesimulator";
				SUPPORTS_MACCATALYST = NO;
				SUPPORTS_MAC_DESIGNED_FOR_IPHONE_IPAD = NO;
				SUPPORTS_XR_DESIGNED_FOR_IPHONE_IPAD = NO;
				SWIFT_EMIT_LOC_STRINGS = YES;
				SWIFT_VERSION = 5.0;
				TARGETED_DEVICE_FAMILY = "1,2";
			};
			name = Debug;
		};
		99ADF4582DF9C97A00255D9B /* Release */ = {
			isa = XCBuildConfiguration;
			buildSettings = {
				ASSETCATALOG_COMPILER_APPICON_NAME = AppIcon;
				ASSETCATALOG_COMPILER_GLOBAL_ACCENT_COLOR_NAME = AccentColor;
				CODE_SIGN_STYLE = Automatic;
				CURRENT_PROJECT_VERSION = 1;
				DEVELOPMENT_TEAM = Y59G2R3XG9;
				ENABLE_PREVIEWS = YES;
				GENERATE_INFOPLIST_FILE = YES;
				INFOPLIST_FILE = InstaList/Info.plist;
				INFOPLIST_KEY_UIApplicationSceneManifest_Generation = YES;
				INFOPLIST_KEY_UIApplicationSupportsIndirectInputEvents = YES;
				INFOPLIST_KEY_UILaunchScreen_Generation = YES;
				INFOPLIST_KEY_UISupportedInterfaceOrientations_iPad = "UIInterfaceOrientationPortrait UIInterfaceOrientationPortraitUpsideDown UIInterfaceOrientationLandscapeLeft UIInterfaceOrientationLandscapeRight";
				INFOPLIST_KEY_UISupportedInterfaceOrientations_iPhone = "UIInterfaceOrientationPortrait UIInterfaceOrientationLandscapeLeft UIInterfaceOrientationLandscapeRight";
				LD_RUNPATH_SEARCH_PATHS = (
					"$(inherited)",
					"@executable_path/Frameworks",
				);
				MARKETING_VERSION = 1.0;
				PRODUCT_BUNDLE_IDENTIFIER = com.graves.jon.InstaList;
				PRODUCT_NAME = "$(TARGET_NAME)";
				SUPPORTED_PLATFORMS = "iphoneos iphonesimulator";
				SUPPORTS_MACCATALYST = NO;
				SUPPORTS_MAC_DESIGNED_FOR_IPHONE_IPAD = NO;
				SUPPORTS_XR_DESIGNED_FOR_IPHONE_IPAD = NO;
				SWIFT_EMIT_LOC_STRINGS = YES;
				SWIFT_VERSION = 5.0;
				TARGETED_DEVICE_FAMILY = "1,2";
			};
			name = Release;
		};
		99ADF45A2DF9C97A00255D9B /* Debug */ = {
			isa = XCBuildConfiguration;
			buildSettings = {
				BUNDLE_LOADER = "$(TEST_HOST)";
				CODE_SIGN_STYLE = Automatic;
				CURRENT_PROJECT_VERSION = 1;
				GENERATE_INFOPLIST_FILE = YES;
				IPHONEOS_DEPLOYMENT_TARGET = 18.5;
				MARKETING_VERSION = 1.0;
				PRODUCT_BUNDLE_IDENTIFIER = com.graves.jon.InstaListTests;
				PRODUCT_NAME = "$(TARGET_NAME)";
				SWIFT_EMIT_LOC_STRINGS = NO;
				SWIFT_VERSION = 5.0;
				TARGETED_DEVICE_FAMILY = "1,2";
				TEST_HOST = "$(BUILT_PRODUCTS_DIR)/InstaList.app/$(BUNDLE_EXECUTABLE_FOLDER_PATH)/InstaList";
			};
			name = Debug;
		};
		99ADF45B2DF9C97A00255D9B /* Release */ = {
			isa = XCBuildConfiguration;
			buildSettings = {
				BUNDLE_LOADER = "$(TEST_HOST)";
				CODE_SIGN_STYLE = Automatic;
				CURRENT_PROJECT_VERSION = 1;
				GENERATE_INFOPLIST_FILE = YES;
				IPHONEOS_DEPLOYMENT_TARGET = 18.5;
				MARKETING_VERSION = 1.0;
				PRODUCT_BUNDLE_IDENTIFIER = com.graves.jon.InstaListTests;
				PRODUCT_NAME = "$(TARGET_NAME)";
				SWIFT_EMIT_LOC_STRINGS = NO;
				SWIFT_VERSION = 5.0;
				TARGETED_DEVICE_FAMILY = "1,2";
				TEST_HOST = "$(BUILT_PRODUCTS_DIR)/InstaList.app/$(BUNDLE_EXECUTABLE_FOLDER_PATH)/InstaList";
			};
			name = Release;
		};
		99ADF45D2DF9C97A00255D9B /* Debug */ = {
			isa = XCBuildConfiguration;
			buildSettings = {
				CODE_SIGN_STYLE = Automatic;
				CURRENT_PROJECT_VERSION = 1;
				GENERATE_INFOPLIST_FILE = YES;
				MARKETING_VERSION = 1.0;
				PRODUCT_BUNDLE_IDENTIFIER = com.graves.jon.InstaListUITests;
				PRODUCT_NAME = "$(TARGET_NAME)";
				SWIFT_EMIT_LOC_STRINGS = NO;
				SWIFT_VERSION = 5.0;
				TARGETED_DEVICE_FAMILY = "1,2";
				TEST_TARGET_NAME = InstaList;
			};
			name = Debug;
		};
		99ADF45E2DF9C97A00255D9B /* Release */ = {
			isa = XCBuildConfiguration;
			buildSettings = {
				CODE_SIGN_STYLE = Automatic;
				CURRENT_PROJECT_VERSION = 1;
				GENERATE_INFOPLIST_FILE = YES;
				MARKETING_VERSION = 1.0;
				PRODUCT_BUNDLE_IDENTIFIER = com.graves.jon.InstaListUITests;
				PRODUCT_NAME = "$(TARGET_NAME)";
				SWIFT_EMIT_LOC_STRINGS = NO;
				SWIFT_VERSION = 5.0;
				TARGETED_DEVICE_FAMILY = "1,2";
				TEST_TARGET_NAME = InstaList;
			};
			name = Release;
		};
/* End XCBuildConfiguration section */

/* Begin XCConfigurationList section */
		99ADF42E2DF9C97900255D9B /* Build configuration list for PBXProject "InstaList" */ = {
			isa = XCConfigurationList;
			buildConfigurations = (
				99ADF4542DF9C97A00255D9B /* Debug */,
				99ADF4552DF9C97A00255D9B /* Release */,
			);
			defaultConfigurationIsVisible = 0;
			defaultConfigurationName = Release;
		};
		99ADF4562DF9C97A00255D9B /* Build configuration list for PBXNativeTarget "InstaList" */ = {
			isa = XCConfigurationList;
			buildConfigurations = (
				99ADF4572DF9C97A00255D9B /* Debug */,
				99ADF4582DF9C97A00255D9B /* Release */,
			);
			defaultConfigurationIsVisible = 0;
			defaultConfigurationName = Release;
		};
		99ADF4592DF9C97A00255D9B /* Build configuration list for PBXNativeTarget "InstaListTests" */ = {
			isa = XCConfigurationList;
			buildConfigurations = (
				99ADF45A2DF9C97A00255D9B /* Debug */,
				99ADF45B2DF9C97A00255D9B /* Release */,
			);
			defaultConfigurationIsVisible = 0;
			defaultConfigurationName = Release;
		};
		99ADF45C2DF9C97A00255D9B /* Build configuration list for PBXNativeTarget "InstaListUITests" */ = {
			isa = XCConfigurationList;
			buildConfigurations = (
				99ADF45D2DF9C97A00255D9B /* Debug */,
				99ADF45E2DF9C97A00255D9B /* Release */,
			);
			defaultConfigurationIsVisible = 0;
			defaultConfigurationName = Release;
		};
/* End XCConfigurationList section */
	};
	rootObject = 99ADF42B2DF9C97900255D9B /* Project object */;
}
